
Microsoft Visual Studio Solution File, Format Version 12.00
# Visual Studio 15
Project("{FAE04EC0-301F-11D3-BF4B-00C04F79EFBC}") = "Assembly-CSharp", "Assembly-CSharp.csproj", "{1D232BD0-9B28-5E6C-01E3-AA7ECA3A875F}"
EndProject
Project("{FAE04EC0-301F-11D3-BF4B-00C04F79EFBC}") = "UniRx", "UniRx.csproj", "{3072518B-DF2F-DCD9-D3D8-37A4BF66EA90}"
EndProject
Project("{FAE04EC0-301F-11D3-BF4B-00C04F79EFBC}") = "UniRx.Async", "UniRx.Async.csproj", "{8BBA18C6-58D5-AAA4-40F5-A6B2062BDD21}"
EndProject
Project("{FAE04EC0-301F-11D3-BF4B-00C04F79EFBC}") = "HTTP", "HTTP.csproj", "{FF6ACD10-2FCB-F34C-54F6-0533802AA8B3}"
EndProject
Project("{FAE04EC0-301F-11D3-BF4B-00C04F79EFBC}") = "Assembly-CSharp-Editor", "Assembly-CSharp-Editor.csproj", "{C898D119-0004-8B41-00B9-5ED9AA09FD85}"
EndProject
Project("{FAE04EC0-301F-11D3-BF4B-00C04F79EFBC}") = "UniRx.Async.Editor", "UniRx.Async.Editor.csproj", "{79168EEF-AA68-D17F-2F93-5181BA55CD32}"
EndProject
Global
	GlobalSection(SolutionConfigurationPlatforms) = preSolution
		Debug|Any CPU = Debug|Any CPU
		Release|Any CPU = Release|Any CPU
	EndGlobalSection
	GlobalSection(ProjectConfigurationPlatforms) = postSolution
		{1D232BD0-9B28-5E6C-01E3-AA7ECA3A875F}.Debug|Any CPU.ActiveCfg = Debug|Any CPU
		{1D232BD0-9B28-5E6C-01E3-AA7ECA3A875F}.Debug|Any CPU.Build.0 = Debug|Any CPU
		{1D232BD0-9B28-5E6C-01E3-AA7ECA3A875F}.Release|Any CPU.ActiveCfg = Release|Any CPU
		{1D232BD0-9B28-5E6C-01E3-AA7ECA3A875F}.Release|Any CPU.Build.0 = Release|Any CPU
		{3072518B-DF2F-DCD9-D3D8-37A4BF66EA90}.Debug|Any CPU.ActiveCfg = Debug|Any CPU
		{3072518B-DF2F-DCD9-D3D8-37A4BF66EA90}.Debug|Any CPU.Build.0 = Debug|Any CPU
		{3072518B-DF2F-DCD9-D3D8-37A4BF66EA90}.Release|Any CPU.ActiveCfg = Release|Any CPU
		{3072518B-DF2F-DCD9-D3D8-37A4BF66EA90}.Release|Any CPU.Build.0 = Release|Any CPU
		{8BBA18C6-58D5-AAA4-40F5-A6B2062BDD21}.Debug|Any CPU.ActiveCfg = Debug|Any CPU
		{8BBA18C6-58D5-AAA4-40F5-A6B2062BDD21}.Debug|Any CPU.Build.0 = Debug|Any CPU
		{8BBA18C6-58D5-AAA4-40F5-A6B2062BDD21}.Release|Any CPU.ActiveCfg = Release|Any CPU
		{8BBA18C6-58D5-AAA4-40F5-A6B2062BDD21}.Release|Any CPU.Build.0 = Release|Any CPU
		{FF6ACD10-2FCB-F34C-54F6-0533802AA8B3}.Debug|Any CPU.ActiveCfg = Debug|Any CPU
		{FF6ACD10-2FCB-F34C-54F6-0533802AA8B3}.Debug|Any CPU.Build.0 = Debug|Any CPU
		{FF6ACD10-2FCB-F34C-54F6-0533802AA8B3}.Release|Any CPU.ActiveCfg = Release|Any CPU
		{FF6ACD10-2FCB-F34C-54F6-0533802AA8B3}.Release|Any CPU.Build.0 = Release|Any CPU
		{C898D119-0004-8B41-00B9-5ED9AA09FD85}.Debug|Any CPU.ActiveCfg = Debug|Any CPU
		{C898D119-0004-8B41-00B9-5ED9AA09FD85}.Debug|Any CPU.Build.0 = Debug|Any CPU
		{C898D119-0004-8B41-00B9-5ED9AA09FD85}.Release|Any CPU.ActiveCfg = Release|Any CPU
		{C898D119-0004-8B41-00B9-5ED9AA09FD85}.Release|Any CPU.Build.0 = Release|Any CPU
		{79168EEF-AA68-D17F-2F93-5181BA55CD32}.Debug|Any CPU.ActiveCfg = Debug|Any CPU
		{79168EEF-AA68-D17F-2F93-5181BA55CD32}.Debug|Any CPU.Build.0 = Debug|Any CPU
		{79168EEF-AA68-D17F-2F93-5181BA55CD32}.Release|Any CPU.ActiveCfg = Release|Any CPU
		{79168EEF-AA68-D17F-2F93-5181BA55CD32}.Release|Any CPU.Build.0 = Release|Any CPU
	EndGlobalSection
	GlobalSection(SolutionProperties) = preSolution
		HideSolutionNode = FALSE
	EndGlobalSection
EndGlobal
