
Microsoft Visual Studio Solution File, Format Version 12.00
# Visual Studio 15
VisualStudioVersion = 15.0.28307.1267
MinimumVisualStudioVersion = 10.0.40219.1
Project("{FAE04EC0-301F-11D3-BF4B-00C04F79EFBC}") = "Hotfix", "Hotfix.csproj", "{1C843BEB-D977-49CA-B9A9-5BB9FD7C656A}"
EndProject
Global
	GlobalSection(SolutionConfigurationPlatforms) = preSolution
		Debug|Any CPU = Debug|Any CPU
		Release|Any CPU = Release|Any CPU
	EndGlobalSection
	GlobalSection(ProjectConfigurationPlatforms) = postSolution
		{1C843BEB-D977-49CA-B9A9-5BB9FD7C656A}.Debug|Any CPU.ActiveCfg = Debug|Any CPU
		{1C843BEB-D977-49CA-B9A9-5BB9FD7C656A}.Debug|Any CPU.Build.0 = Debug|Any CPU
		{1C843BEB-D977-49CA-B9A9-5BB9FD7C656A}.Release|Any CPU.ActiveCfg = Release|Any CPU
		{1C843BEB-D977-49CA-B9A9-5BB9FD7C656A}.Release|Any CPU.Build.0 = Release|Any CPU
	EndGlobalSection
	GlobalSection(SolutionProperties) = preSolution
		HideSolutionNode = FALSE
	EndGlobalSection
	GlobalSection(ExtensibilityGlobals) = postSolution
		SolutionGuid = {8A8A638A-3BE3-4DF3-8522-9BA8B1023CBE}
	EndGlobalSection
EndGlobal
